{
  "object": {
    "pins": [
      {
        "package": "MailTMSwift",
        "repositoryURL": "https://github.com/devwaseem/MailTMSwift.git",
        "state": {
          "branch": "main",
          "revision": "35238e7d01659f055f93426d6689ad2960f8d227",
          "version": null
        }
      },
      {
        "package": "Resolver",
        "repositoryURL": "https://github.com/hmlongco/Resolver",
        "state": {
          "branch": null,
          "revision": "97de0b0320036607564af4a60025b48f8d041221",
          "version": "1.5.0"
        }
      },
      {
        "package": "LDSwiftEventSource",
        "repositoryURL": "https://github.com/LaunchDarkly/swift-eventsource.git",
        "state": {
          "branch": null,
          "revision": "7c40adad054c9737afadffe42a2ce0bbcfa02f48",
          "version": "1.2.1"
        }
      }
    ]
  },
  "version": 1
}
