{
  "object": {
    "pins": [
      {
        "package": "MailTMSwift",
        "repositoryURL": "https://github.com/devwaseem/MailTMSwift.git",
        "state": {
          "branch": "main",
          "revision": "729dda65b92cdb76a226e20881c11dddb9ae9cca",
          "version": null
        }
      },
      {
        "package": "Resolver",
        "repositoryURL": "https://github.com/hmlongco/Resolver",
        "state": {
          "branch": null,
          "revision": "609908e0b67911ebf7386609552a48d4ec07958e",
          "version": "1.4.4"
        }
      },
      {
        "package": "LDSwiftEventSource",
        "repositoryURL": "https://github.com/LaunchDarkly/swift-eventsource.git",
        "state": {
          "branch": null,
          "revision": "7c40adad054c9737afadffe42a2ce0bbcfa02f48",
          "version": "1.2.1"
        }
      }
    ]
  },
  "version": 1
}
